// !$*UTF8*$!
{
	archiveVersion = 1;
	classes = {
	};
	objectVersion = 46;
	objects = {

/* Begin PBXBuildFile section */
		ABF9CF4F1DE2E639001204FF /* AppDelegate.swift in Sources */ = {isa = PBXBuildFile; fileRef = ABF9CF4E1DE2E639001204FF /* AppDelegate.swift */; };
		ABF9CF511DE2E639001204FF /* ViewController.swift in Sources */ = {isa = PBXBuildFile; fileRef = ABF9CF501DE2E639001204FF /* ViewController.swift */; };
		ABF9CF541DE2E639001204FF /* Main.storyboard in Resources */ = {isa = PBXBuildFile; fileRef = ABF9CF521DE2E639001204FF /* Main.storyboard */; };
		ABF9CF561DE2E639001204FF /* Assets.xcassets in Resources */ = {isa = PBXBuildFile; fileRef = ABF9CF551DE2E639001204FF /* Assets.xcassets */; };
		ABF9CF591DE2E639001204FF /* LaunchScreen.storyboard in Resources */ = {isa = PBXBuildFile; fileRef = ABF9CF571DE2E639001204FF /* LaunchScreen.storyboard */; };
		ABF9CF611DE3100D001204FF /* OpenWeatherMap.swift in Sources */ = {isa = PBXBuildFile; fileRef = ABF9CF601DE3100C001204FF /* OpenWeatherMap.swift */; };
		ABFA87851DE440BB00327F81 /* 01.png in Resources */ = {isa = PBXBuildFile; fileRef = ABFA877C1DE440BB00327F81 /* 01.png */; };
		ABFA87861DE440BB00327F81 /* 02.png in Resources */ = {isa = PBXBuildFile; fileRef = ABFA877D1DE440BB00327F81 /* 02.png */; };
		ABFA87871DE440BB00327F81 /* 03.png in Resources */ = {isa = PBXBuildFile; fileRef = ABFA877E1DE440BB00327F81 /* 03.png */; };
		ABFA87881DE440BB00327F81 /* 04.png in Resources */ = {isa = PBXBuildFile; fileRef = ABFA877F1DE440BB00327F81 /* 04.png */; };
		ABFA87891DE440BB00327F81 /* 05.png in Resources */ = {isa = PBXBuildFile; fileRef = ABFA87801DE440BB00327F81 /* 05.png */; };
		ABFA878A1DE440BB00327F81 /* 06.png in Resources */ = {isa = PBXBuildFile; fileRef = ABFA87811DE440BB00327F81 /* 06.png */; };
		ABFA878B1DE440BB00327F81 /* 07.png in Resources */ = {isa = PBXBuildFile; fileRef = ABFA87821DE440BB00327F81 /* 07.png */; };
		ABFA878C1DE440BB00327F81 /* 08.png in Resources */ = {isa = PBXBuildFile; fileRef = ABFA87831DE440BB00327F81 /* 08.png */; };
		ABFA878D1DE440BB00327F81 /* 10.png in Resources */ = {isa = PBXBuildFile; fileRef = ABFA87841DE440BB00327F81 /* 10.png */; };
/* End PBXBuildFile section */

/* Begin PBXFileReference section */
		ABF9CF4B1DE2E639001204FF /* WeatherSwift.app */ = {isa = PBXFileReference; explicitFileType = wrapper.application; includeInIndex = 0; path = WeatherSwift.app; sourceTree = BUILT_PRODUCTS_DIR; };
		ABF9CF4E1DE2E639001204FF /* AppDelegate.swift */ = {isa = PBXFileReference; lastKnownFileType = sourcecode.swift; path = AppDelegate.swift; sourceTree = "<group>"; };
		ABF9CF501DE2E639001204FF /* ViewController.swift */ = {isa = PBXFileReference; lastKnownFileType = sourcecode.swift; path = ViewController.swift; sourceTree = "<group>"; };
		ABF9CF531DE2E639001204FF /* Base */ = {isa = PBXFileReference; lastKnownFileType = file.storyboard; name = Base; path = Base.lproj/Main.storyboard; sourceTree = "<group>"; };
		ABF9CF551DE2E639001204FF /* Assets.xcassets */ = {isa = PBXFileReference; lastKnownFileType = folder.assetcatalog; path = Assets.xcassets; sourceTree = "<group>"; };
		ABF9CF581DE2E639001204FF /* Base */ = {isa = PBXFileReference; lastKnownFileType = file.storyboard; name = Base; path = Base.lproj/LaunchScreen.storyboard; sourceTree = "<group>"; };
		ABF9CF5A1DE2E639001204FF /* Info.plist */ = {isa = PBXFileReference; lastKnownFileType = text.plist.xml; path = Info.plist; sourceTree = "<group>"; };
		ABF9CF601DE3100C001204FF /* OpenWeatherMap.swift */ = {isa = PBXFileReference; fileEncoding = 4; lastKnownFileType = sourcecode.swift; path = OpenWeatherMap.swift; sourceTree = "<group>"; };
		ABFA877C1DE440BB00327F81 /* 01.png */ = {isa = PBXFileReference; lastKnownFileType = image.png; path = 01.png; sourceTree = "<group>"; };
		ABFA877D1DE440BB00327F81 /* 02.png */ = {isa = PBXFileReference; lastKnownFileType = image.png; path = 02.png; sourceTree = "<group>"; };
		ABFA877E1DE440BB00327F81 /* 03.png */ = {isa = PBXFileReference; lastKnownFileType = image.png; path = 03.png; sourceTree = "<group>"; };
		ABFA877F1DE440BB00327F81 /* 04.png */ = {isa = PBXFileReference; lastKnownFileType = image.png; path = 04.png; sourceTree = "<group>"; };
		ABFA87801DE440BB00327F81 /* 05.png */ = {isa = PBXFileReference; lastKnownFileType = image.png; path = 05.png; sourceTree = "<group>"; };
		ABFA87811DE440BB00327F81 /* 06.png */ = {isa = PBXFileReference; lastKnownFileType = image.png; path = 06.png; sourceTree = "<group>"; };
		ABFA87821DE440BB00327F81 /* 07.png */ = {isa = PBXFileReference; lastKnownFileType = image.png; path = 07.png; sourceTree = "<group>"; };
		ABFA87831DE440BB00327F81 /* 08.png */ = {isa = PBXFileReference; lastKnownFileType = image.png; path = 08.png; sourceTree = "<group>"; };
		ABFA87841DE440BB00327F81 /* 10.png */ = {isa = PBXFileReference; lastKnownFileType = image.png; path = 10.png; sourceTree = "<group>"; };
/* End PBXFileReference section */

/* Begin PBXFrameworksBuildPhase section */
		ABF9CF481DE2E639001204FF /* Frameworks */ = {
			isa = PBXFrameworksBuildPhase;
			buildActionMask = 2147483647;
			files = (
			);
			runOnlyForDeploymentPostprocessing = 0;
		};
/* End PBXFrameworksBuildPhase section */

/* Begin PBXGroup section */
		ABF9CF421DE2E639001204FF = {
			isa = PBXGroup;
			children = (
				ABF9CF4D1DE2E639001204FF /* WeatherSwift */,
				ABF9CF4C1DE2E639001204FF /* Products */,
			);
			sourceTree = "<group>";
		};
		ABF9CF4C1DE2E639001204FF /* Products */ = {
			isa = PBXGroup;
			children = (
				ABF9CF4B1DE2E639001204FF /* WeatherSwift.app */,
			);
			name = Products;
			sourceTree = "<group>";
		};
		ABF9CF4D1DE2E639001204FF /* WeatherSwift */ = {
			isa = PBXGroup;
			children = (
				ABF9CF601DE3100C001204FF /* OpenWeatherMap.swift */,
				ABF9CF4E1DE2E639001204FF /* AppDelegate.swift */,
				ABF9CF501DE2E639001204FF /* ViewController.swift */,
				ABF9CF521DE2E639001204FF /* Main.storyboard */,
				ABF9CF551DE2E639001204FF /* Assets.xcassets */,
				ABFA877B1DE440BB00327F81 /* WEATHER */,
				ABF9CF571DE2E639001204FF /* LaunchScreen.storyboard */,
				ABF9CF5A1DE2E639001204FF /* Info.plist */,
			);
			path = WeatherSwift;
			sourceTree = "<group>";
		};
		ABFA877B1DE440BB00327F81 /* WEATHER */ = {
			isa = PBXGroup;
			children = (
				ABFA877C1DE440BB00327F81 /* 01.png */,
				ABFA877D1DE440BB00327F81 /* 02.png */,
				ABFA877E1DE440BB00327F81 /* 03.png */,
				ABFA877F1DE440BB00327F81 /* 04.png */,
				ABFA87801DE440BB00327F81 /* 05.png */,
				ABFA87811DE440BB00327F81 /* 06.png */,
				ABFA87821DE440BB00327F81 /* 07.png */,
				ABFA87831DE440BB00327F81 /* 08.png */,
				ABFA87841DE440BB00327F81 /* 10.png */,
			);
			path = WEATHER;
			sourceTree = SOURCE_ROOT;
		};
/* End PBXGroup section */

/* Begin PBXNativeTarget section */
		ABF9CF4A1DE2E639001204FF /* WeatherSwift */ = {
			isa = PBXNativeTarget;
			buildConfigurationList = ABF9CF5D1DE2E639001204FF /* Build configuration list for PBXNativeTarget "WeatherSwift" */;
			buildPhases = (
				ABF9CF471DE2E639001204FF /* Sources */,
				ABF9CF481DE2E639001204FF /* Frameworks */,
				ABF9CF491DE2E639001204FF /* Resources */,
			);
			buildRules = (
			);
			dependencies = (
			);
			name = WeatherSwift;
			productName = WeatherSwift;
			productReference = ABF9CF4B1DE2E639001204FF /* WeatherSwift.app */;
			productType = "com.apple.product-type.application";
		};
/* End PBXNativeTarget section */

/* Begin PBXProject section */
		ABF9CF431DE2E639001204FF /* Project object */ = {
			isa = PBXProject;
			attributes = {
				LastSwiftUpdateCheck = 0810;
				LastUpgradeCheck = 0810;
				ORGANIZATIONNAME = ak;
				TargetAttributes = {
					ABF9CF4A1DE2E639001204FF = {
						CreatedOnToolsVersion = 8.1;
						ProvisioningStyle = Automatic;
					};
				};
			};
			buildConfigurationList = ABF9CF461DE2E639001204FF /* Build configuration list for PBXProject "WeatherSwift" */;
			compatibilityVersion = "Xcode 3.2";
			developmentRegion = English;
			hasScannedForEncodings = 0;
			knownRegions = (
				en,
				Base,
			);
			mainGroup = ABF9CF421DE2E639001204FF;
			productRefGroup = ABF9CF4C1DE2E639001204FF /* Products */;
			projectDirPath = "";
			projectRoot = "";
			targets = (
				ABF9CF4A1DE2E639001204FF /* WeatherSwift */,
			);
		};
/* End PBXProject section */

/* Begin PBXResourcesBuildPhase section */
		ABF9CF491DE2E639001204FF /* Resources */ = {
			isa = PBXResourcesBuildPhase;
			buildActionMask = 2147483647;
			files = (
				ABF9CF591DE2E639001204FF /* LaunchScreen.storyboard in Resources */,
				ABFA878D1DE440BB00327F81 /* 10.png in Resources */,
				ABFA87891DE440BB00327F81 /* 05.png in Resources */,
				ABFA87851DE440BB00327F81 /* 01.png in Resources */,
				ABFA87881DE440BB00327F81 /* 04.png in Resources */,
				ABFA878B1DE440BB00327F81 /* 07.png in Resources */,
				ABFA878A1DE440BB00327F81 /* 06.png in Resources */,
				ABFA878C1DE440BB00327F81 /* 08.png in Resources */,
				ABFA87861DE440BB00327F81 /* 02.png in Resources */,
				ABFA87871DE440BB00327F81 /* 03.png in Resources */,
				ABF9CF561DE2E639001204FF /* Assets.xcassets in Resources */,
				ABF9CF541DE2E639001204FF /* Main.storyboard in Resources */,
			);
			runOnlyForDeploymentPostprocessing = 0;
		};
/* End PBXResourcesBuildPhase section */

/* Begin PBXSourcesBuildPhase section */
		ABF9CF471DE2E639001204FF /* Sources */ = {
			isa = PBXSourcesBuildPhase;
			buildActionMask = 2147483647;
			files = (
				ABF9CF611DE3100D001204FF /* OpenWeatherMap.swift in Sources */,
				ABF9CF511DE2E639001204FF /* ViewController.swift in Sources */,
				ABF9CF4F1DE2E639001204FF /* AppDelegate.swift in Sources */,
			);
			runOnlyForDeploymentPostprocessing = 0;
		};
/* End PBXSourcesBuildPhase section */

/* Begin PBXVariantGroup section */
		ABF9CF521DE2E639001204FF /* Main.storyboard */ = {
			isa = PBXVariantGroup;
			children = (
				ABF9CF531DE2E639001204FF /* Base */,
			);
			name = Main.storyboard;
			sourceTree = "<group>";
		};
		ABF9CF571DE2E639001204FF /* LaunchScreen.storyboard */ = {
			isa = PBXVariantGroup;
			children = (
				ABF9CF581DE2E639001204FF /* Base */,
			);
			name = LaunchScreen.storyboard;
			sourceTree = "<group>";
		};
/* End PBXVariantGroup section */

/* Begin XCBuildConfiguration section */
		ABF9CF5B1DE2E639001204FF /* Debug */ = {
			isa = XCBuildConfiguration;
			buildSettings = {
				ALWAYS_SEARCH_USER_PATHS = NO;
				CLANG_ANALYZER_NONNULL = YES;
				CLANG_CXX_LANGUAGE_STANDARD = "gnu++0x";
				CLANG_CXX_LIBRARY = "libc++";
				CLANG_ENABLE_MODULES = YES;
				CLANG_ENABLE_OBJC_ARC = YES;
				CLANG_WARN_BOOL_CONVERSION = YES;
				CLANG_WARN_CONSTANT_CONVERSION = YES;
				CLANG_WARN_DIRECT_OBJC_ISA_USAGE = YES_ERROR;
				CLANG_WARN_DOCUMENTATION_COMMENTS = YES;
				CLANG_WARN_EMPTY_BODY = YES;
				CLANG_WARN_ENUM_CONVERSION = YES;
				CLANG_WARN_INFINITE_RECURSION = YES;
				CLANG_WARN_INT_CONVERSION = YES;
				CLANG_WARN_OBJC_ROOT_CLASS = YES_ERROR;
				CLANG_WARN_SUSPICIOUS_MOVES = YES;
				CLANG_WARN_UNREACHABLE_CODE = YES;
				CLANG_WARN__DUPLICATE_METHOD_MATCH = YES;
				"CODE_SIGN_IDENTITY[sdk=iphoneos*]" = "iPhone Developer";
				COPY_PHASE_STRIP = NO;
				DEBUG_INFORMATION_FORMAT = dwarf;
				ENABLE_STRICT_OBJC_MSGSEND = YES;
				ENABLE_TESTABILITY = YES;
				GCC_C_LANGUAGE_STANDARD = gnu99;
				GCC_DYNAMIC_NO_PIC = NO;
				GCC_NO_COMMON_BLOCKS = YES;
				GCC_OPTIMIZATION_LEVEL = 0;
				GCC_PREPROCESSOR_DEFINITIONS = (
					"DEBUG=1",
					"$(inherited)",
				);
				GCC_WARN_64_TO_32_BIT_CONVERSION = YES;
				GCC_WARN_ABOUT_RETURN_TYPE = YES_ERROR;
				GCC_WARN_UNDECLARED_SELECTOR = YES;
				GCC_WARN_UNINITIALIZED_AUTOS = YES_AGGRESSIVE;
				GCC_WARN_UNUSED_FUNCTION = YES;
				GCC_WARN_UNUSED_VARIABLE = YES;
				IPHONEOS_DEPLOYMENT_TARGET = 10.1;
				MTL_ENABLE_DEBUG_INFO = YES;
				ONLY_ACTIVE_ARCH = YES;
				SDKROOT = iphoneos;
				SWIFT_ACTIVE_COMPILATION_CONDITIONS = DEBUG;
				SWIFT_OPTIMIZATION_LEVEL = "-Onone";
				TARGETED_DEVICE_FAMILY = "1,2";
			};
			name = Debug;
		};
		ABF9CF5C1DE2E639001204FF /* Release */ = {
			isa = XCBuildConfiguration;
			buildSettings = {
				ALWAYS_SEARCH_USER_PATHS = NO;
				CLANG_ANALYZER_NONNULL = YES;
				CLANG_CXX_LANGUAGE_STANDARD = "gnu++0x";
				CLANG_CXX_LIBRARY = "libc++";
				CLANG_ENABLE_MODULES = YES;
				CLANG_ENABLE_OBJC_ARC = YES;
				CLANG_WARN_BOOL_CONVERSION = YES;
				CLANG_WARN_CONSTANT_CONVERSION = YES;
				CLANG_WARN_DIRECT_OBJC_ISA_USAGE = YES_ERROR;
				CLANG_WARN_DOCUMENTATION_COMMENTS = YES;
				CLANG_WARN_EMPTY_BODY = YES;
				CLANG_WARN_ENUM_CONVERSION = YES;
				CLANG_WARN_INFINITE_RECURSION = YES;
				CLANG_WARN_INT_CONVERSION = YES;
				CLANG_WARN_OBJC_ROOT_CLASS = YES_ERROR;
				CLANG_WARN_SUSPICIOUS_MOVES = YES;
				CLANG_WARN_UNREACHABLE_CODE = YES;
				CLANG_WARN__DUPLICATE_METHOD_MATCH = YES;
				"CODE_SIGN_IDENTITY[sdk=iphoneos*]" = "iPhone Developer";
				COPY_PHASE_STRIP = NO;
				DEBUG_INFORMATION_FORMAT = "dwarf-with-dsym";
				ENABLE_NS_ASSERTIONS = NO;
				ENABLE_STRICT_OBJC_MSGSEND = YES;
				GCC_C_LANGUAGE_STANDARD = gnu99;
				GCC_NO_COMMON_BLOCKS = YES;
				GCC_WARN_64_TO_32_BIT_CONVERSION = YES;
				GCC_WARN_ABOUT_RETURN_TYPE = YES_ERROR;
				GCC_WARN_UNDECLARED_SELECTOR = YES;
				GCC_WARN_UNINITIALIZED_AUTOS = YES_AGGRESSIVE;
				GCC_WARN_UNUSED_FUNCTION = YES;
				GCC_WARN_UNUSED_VARIABLE = YES;
				IPHONEOS_DEPLOYMENT_TARGET = 10.1;
				MTL_ENABLE_DEBUG_INFO = NO;
				SDKROOT = iphoneos;
				SWIFT_OPTIMIZATION_LEVEL = "-Owholemodule";
				TARGETED_DEVICE_FAMILY = "1,2";
				VALIDATE_PRODUCT = YES;
			};
			name = Release;
		};
		ABF9CF5E1DE2E639001204FF /* Debug */ = {
			isa = XCBuildConfiguration;
			buildSettings = {
				ASSETCATALOG_COMPILER_APPICON_NAME = AppIcon;
				INFOPLIST_FILE = WeatherSwift/Info.plist;
				LD_RUNPATH_SEARCH_PATHS = "$(inherited) @executable_path/Frameworks";
				PRODUCT_BUNDLE_IDENTIFIER = ak.freelance.WeatherSwift;
				PRODUCT_NAME = "$(TARGET_NAME)";
				SWIFT_VERSION = 3.0;
			};
			name = Debug;
		};
		ABF9CF5F1DE2E639001204FF /* Release */ = {
			isa = XCBuildConfiguration;
			buildSettings = {
				ASSETCATALOG_COMPILER_APPICON_NAME = AppIcon;
				INFOPLIST_FILE = WeatherSwift/Info.plist;
				LD_RUNPATH_SEARCH_PATHS = "$(inherited) @executable_path/Frameworks";
				PRODUCT_BUNDLE_IDENTIFIER = ak.freelance.WeatherSwift;
				PRODUCT_NAME = "$(TARGET_NAME)";
				SWIFT_VERSION = 3.0;
			};
			name = Release;
		};
/* End XCBuildConfiguration section */

/* Begin XCConfigurationList section */
		ABF9CF461DE2E639001204FF /* Build configuration list for PBXProject "WeatherSwift" */ = {
			isa = XCConfigurationList;
			buildConfigurations = (
				ABF9CF5B1DE2E639001204FF /* Debug */,
				ABF9CF5C1DE2E639001204FF /* Release */,
			);
			defaultConfigurationIsVisible = 0;
			defaultConfigurationName = Release;
		};
		ABF9CF5D1DE2E639001204FF /* Build configuration list for PBXNativeTarget "WeatherSwift" */ = {
			isa = XCConfigurationList;
			buildConfigurations = (
				ABF9CF5E1DE2E639001204FF /* Debug */,
				ABF9CF5F1DE2E639001204FF /* Release */,
			);
			defaultConfigurationIsVisible = 0;
			defaultConfigurationName = Release;
		};
/* End XCConfigurationList section */
	};
	rootObject = ABF9CF431DE2E639001204FF /* Project object */;
}
